// !$*UTF8*$!
{
	archiveVersion = 1;
	classes = {
	};
	objectVersion = 50;
	objects = {

/* Begin PBXBuildFile section */
		1A75801CD2717389B7A6ADBB /* Pods_MyAppDemo.framework in Frameworks */ = {isa = PBXBuildFile; fileRef = A77C8AC698607122FD506835 /* Pods_MyAppDemo.framework */; };
		200F32C923165E06000C64D3 /* AppDelegate.m in Sources */ = {isa = PBXBuildFile; fileRef = 200F32C823165E06000C64D3 /* AppDelegate.m */; };
		200F32CC23165E06000C64D3 /* ViewController.m in Sources */ = {isa = PBXBuildFile; fileRef = 200F32CB23165E06000C64D3 /* ViewController.m */; };
		200F32CF23165E06000C64D3 /* Main.storyboard in Resources */ = {isa = PBXBuildFile; fileRef = 200F32CD23165E06000C64D3 /* Main.storyboard */; };
		200F32D123165E09000C64D3 /* Assets.xcassets in Resources */ = {isa = PBXBuildFile; fileRef = 200F32D023165E09000C64D3 /* Assets.xcassets */; };
		200F32D423165E09000C64D3 /* LaunchScreen.storyboard in Resources */ = {isa = PBXBuildFile; fileRef = 200F32D223165E09000C64D3 /* LaunchScreen.storyboard */; };
		200F32D723165E09000C64D3 /* main.m in Sources */ = {isa = PBXBuildFile; fileRef = 200F32D623165E09000C64D3 /* main.m */; };
		200F32E123165E09000C64D3 /* MyAppDemoTests.m in Sources */ = {isa = PBXBuildFile; fileRef = 200F32E023165E09000C64D3 /* MyAppDemoTests.m */; };
		200F32EC23165E09000C64D3 /* MyAppDemoUITests.m in Sources */ = {isa = PBXBuildFile; fileRef = 200F32EB23165E09000C64D3 /* MyAppDemoUITests.m */; };
		200F32FE2316627A000C64D3 /* YiCheTableViewController.m in Sources */ = {isa = PBXBuildFile; fileRef = 200F32FD2316627A000C64D3 /* YiCheTableViewController.m */; };
		200F33022316629C000C64D3 /* YiCheTableViewCell.m in Sources */ = {isa = PBXBuildFile; fileRef = 200F33002316629C000C64D3 /* YiCheTableViewCell.m */; };
		200F33032316629C000C64D3 /* YiCheTableViewCell.xib in Resources */ = {isa = PBXBuildFile; fileRef = 200F33012316629C000C64D3 /* YiCheTableViewCell.xib */; };
		200F3307231667E0000C64D3 /* 汽车.jpg in Resources */ = {isa = PBXBuildFile; fileRef = 200F3306231667E0000C64D3 /* 汽车.jpg */; };
		200F3316231778FD000C64D3 /* ScrollStringViewController.m in Sources */ = {isa = PBXBuildFile; fileRef = 200F3315231778FD000C64D3 /* ScrollStringViewController.m */; };
		200F33192317A32E000C64D3 /* 字符串流动图.png in Resources */ = {isa = PBXBuildFile; fileRef = 200F33182317A32E000C64D3 /* 字符串流动图.png */; };
		200F334E2317B323000C64D3 /* RiLiViewController.m in Sources */ = {isa = PBXBuildFile; fileRef = 200F334D2317B323000C64D3 /* RiLiViewController.m */; };
		200F335F2317B3DD000C64D3 /* NSDate+FSCalendar.m in Sources */ = {isa = PBXBuildFile; fileRef = 200F33512317B3DD000C64D3 /* NSDate+FSCalendar.m */; };
		200F33602317B3DD000C64D3 /* FSCalendarDateModel.m in Sources */ = {isa = PBXBuildFile; fileRef = 200F33522317B3DD000C64D3 /* FSCalendarDateModel.m */; };
		200F33612317B3DD000C64D3 /* FSCalendarView.m in Sources */ = {isa = PBXBuildFile; fileRef = 200F33542317B3DD000C64D3 /* FSCalendarView.m */; };
		200F33622317B3DD000C64D3 /* FSCalendarDayModel.m in Sources */ = {isa = PBXBuildFile; fileRef = 200F33552317B3DD000C64D3 /* FSCalendarDayModel.m */; };
		200F33632317B3DD000C64D3 /* FSCalendarScrollView.m in Sources */ = {isa = PBXBuildFile; fileRef = 200F33562317B3DD000C64D3 /* FSCalendarScrollView.m */; };
		200F33642317B3DD000C64D3 /* FSCalendarCell.m in Sources */ = {isa = PBXBuildFile; fileRef = 200F33572317B3DD000C64D3 /* FSCalendarCell.m */; };
		200F33652317B3DD000C64D3 /* FSCalendarHeaderView.m in Sources */ = {isa = PBXBuildFile; fileRef = 200F335C2317B3DD000C64D3 /* FSCalendarHeaderView.m */; };
		200F336D2317BF42000C64D3 /* YTScratchyCard.m in Sources */ = {isa = PBXBuildFile; fileRef = 200F336A2317BF42000C64D3 /* YTScratchyCard.m */; };
		200F336E2317BF42000C64D3 /* UIImage(Extension).m in Sources */ = {isa = PBXBuildFile; fileRef = 200F336B2317BF42000C64D3 /* UIImage(Extension).m */; };
		200F33712317BF52000C64D3 /* GuaGuaLeViewController.m in Sources */ = {isa = PBXBuildFile; fileRef = 200F33702317BF52000C64D3 /* GuaGuaLeViewController.m */; };
		200F33732317C319000C64D3 /* 刮刮乐.jpg in Resources */ = {isa = PBXBuildFile; fileRef = 200F33722317C319000C64D3 /* 刮刮乐.jpg */; };
		20479E532318D0E500AB2E05 /* YABColorChangeViewController.m in Sources */ = {isa = PBXBuildFile; fileRef = 20479E522318D0E500AB2E05 /* YABColorChangeViewController.m */; };
		20479E562318D18200AB2E05 /* YABColorChangeView.m in Sources */ = {isa = PBXBuildFile; fileRef = 20479E552318D18200AB2E05 /* YABColorChangeView.m */; };
		20479E5F2318D29B00AB2E05 /* WJColorChange.m in Sources */ = {isa = PBXBuildFile; fileRef = 20479E5D2318D29B00AB2E05 /* WJColorChange.m */; };
		20479E652318D2B300AB2E05 /* WJCell.m in Sources */ = {isa = PBXBuildFile; fileRef = 20479E612318D2B300AB2E05 /* WJCell.m */; };
		20479E662318D2B300AB2E05 /* WJFlowLayout.m in Sources */ = {isa = PBXBuildFile; fileRef = 20479E642318D2B300AB2E05 /* WJFlowLayout.m */; };
		20479E6C2318F61500AB2E05 /* DianZanViewController.m in Sources */ = {isa = PBXBuildFile; fileRef = 20479E6B2318F61500AB2E05 /* DianZanViewController.m */; };
		20479E702318F66C00AB2E05 /* XBPraiseAnimation.m in Sources */ = {isa = PBXBuildFile; fileRef = 20479E6E2318F66C00AB2E05 /* XBPraiseAnimation.m */; };
		20479E752318FE6900AB2E05 /* DianZanButtonViewController.m in Sources */ = {isa = PBXBuildFile; fileRef = 20479E742318FE6900AB2E05 /* DianZanButtonViewController.m */; };
		20479E792318FE8500AB2E05 /* JHLikeButton.m in Sources */ = {isa = PBXBuildFile; fileRef = 20479E772318FE8500AB2E05 /* JHLikeButton.m */; };
		20479E812319074000AB2E05 /* CRListViewController.m in Sources */ = {isa = PBXBuildFile; fileRef = 20479E802319074000AB2E05 /* CRListViewController.m */; };
		20479E842319074A00AB2E05 /* CRDetailViewController.m in Sources */ = {isa = PBXBuildFile; fileRef = 20479E832319074A00AB2E05 /* CRDetailViewController.m */; };
		20479E882319078600AB2E05 /* CRListVCCell.m in Sources */ = {isa = PBXBuildFile; fileRef = 20479E872319078600AB2E05 /* CRListVCCell.m */; };
		20479E8C231907C000AB2E05 /* CRBoxInputModel.m in Sources */ = {isa = PBXBuildFile; fileRef = 20479E8B231907C000AB2E05 /* CRBoxInputModel.m */; };
		20479E90231907F900AB2E05 /* CRConstant.m in Sources */ = {isa = PBXBuildFile; fileRef = 20479E8F231907F900AB2E05 /* CRConstant.m */; };
		20479E9623191C6700AB2E05 /* JHSoundWaveView.m in Sources */ = {isa = PBXBuildFile; fileRef = 20479E9523191C6700AB2E05 /* JHSoundWaveView.m */; };
		20479E9A23191CA000AB2E05 /* ShengBoViewController.m in Sources */ = {isa = PBXBuildFile; fileRef = 20479E9923191CA000AB2E05 /* ShengBoViewController.m */; };
		20479EA7231927DB00AB2E05 /* ListModel.m in Sources */ = {isa = PBXBuildFile; fileRef = 20479E9E231927DB00AB2E05 /* ListModel.m */; };
		20479EA8231927DB00AB2E05 /* CellDrawView.m in Sources */ = {isa = PBXBuildFile; fileRef = 20479EA2231927DB00AB2E05 /* CellDrawView.m */; };
		20479EA9231927DB00AB2E05 /* MainCollectionViewCell.xib in Resources */ = {isa = PBXBuildFile; fileRef = 20479EA4231927DB00AB2E05 /* MainCollectionViewCell.xib */; };
		20479EAA231927DB00AB2E05 /* MainCollectionViewCell.m in Sources */ = {isa = PBXBuildFile; fileRef = 20479EA5231927DB00AB2E05 /* MainCollectionViewCell.m */; };
		20479EAD231927FE00AB2E05 /* DrawPathViewController.m in Sources */ = {isa = PBXBuildFile; fileRef = 20479EAC231927FE00AB2E05 /* DrawPathViewController.m */; };
		20479ECC2319290200AB2E05 /* AxcCAAnimation.m in Sources */ = {isa = PBXBuildFile; fileRef = 20479EC12319290200AB2E05 /* AxcCAAnimation.m */; };
		20479ECD2319290200AB2E05 /* AxcPolarAxis.m in Sources */ = {isa = PBXBuildFile; fileRef = 20479EC62319290200AB2E05 /* AxcPolarAxis.m */; };
		20479ECE2319290200AB2E05 /* AxcDrawPath.m in Sources */ = {isa = PBXBuildFile; fileRef = 20479EC72319290200AB2E05 /* AxcDrawPath.m */; };
		20479ECF2319290200AB2E05 /* AxcCustomDrawPath.m in Sources */ = {isa = PBXBuildFile; fileRef = 20479ECA2319290200AB2E05 /* AxcCustomDrawPath.m */; };
/* End PBXBuildFile section */

/* Begin PBXContainerItemProxy section */
		200F32DD23165E09000C64D3 /* PBXContainerItemProxy */ = {
			isa = PBXContainerItemProxy;
			containerPortal = 200F32BC23165E06000C64D3 /* Project object */;
			proxyType = 1;
			remoteGlobalIDString = 200F32C323165E06000C64D3;
			remoteInfo = MyAppDemo;
		};
		200F32E823165E09000C64D3 /* PBXContainerItemProxy */ = {
			isa = PBXContainerItemProxy;
			containerPortal = 200F32BC23165E06000C64D3 /* Project object */;
			proxyType = 1;
			remoteGlobalIDString = 200F32C323165E06000C64D3;
			remoteInfo = MyAppDemo;
		};
/* End PBXContainerItemProxy section */

/* Begin PBXFileReference section */
		160FB6B144E2E2FE0CD3D1E6 /* Pods-MyAppDemo.release.xcconfig */ = {isa = PBXFileReference; includeInIndex = 1; lastKnownFileType = text.xcconfig; name = "Pods-MyAppDemo.release.xcconfig"; path = "Pods/Target Support Files/Pods-MyAppDemo/Pods-MyAppDemo.release.xcconfig"; sourceTree = "<group>"; };
		200F32C423165E06000C64D3 /* MyAppDemo.app */ = {isa = PBXFileReference; explicitFileType = wrapper.application; includeInIndex = 0; path = MyAppDemo.app; sourceTree = BUILT_PRODUCTS_DIR; };
		200F32C723165E06000C64D3 /* AppDelegate.h */ = {isa = PBXFileReference; lastKnownFileType = sourcecode.c.h; path = AppDelegate.h; sourceTree = "<group>"; };
		200F32C823165E06000C64D3 /* AppDelegate.m */ = {isa = PBXFileReference; lastKnownFileType = sourcecode.c.objc; path = AppDelegate.m; sourceTree = "<group>"; };
		200F32CA23165E06000C64D3 /* ViewController.h */ = {isa = PBXFileReference; lastKnownFileType = sourcecode.c.h; path = ViewController.h; sourceTree = "<group>"; };
		200F32CB23165E06000C64D3 /* ViewController.m */ = {isa = PBXFileReference; lastKnownFileType = sourcecode.c.objc; path = ViewController.m; sourceTree = "<group>"; };
		200F32CE23165E06000C64D3 /* Base */ = {isa = PBXFileReference; lastKnownFileType = file.storyboard; name = Base; path = Base.lproj/Main.storyboard; sourceTree = "<group>"; };
		200F32D023165E09000C64D3 /* Assets.xcassets */ = {isa = PBXFileReference; lastKnownFileType = folder.assetcatalog; path = Assets.xcassets; sourceTree = "<group>"; };
		200F32D323165E09000C64D3 /* Base */ = {isa = PBXFileReference; lastKnownFileType = file.storyboard; name = Base; path = Base.lproj/LaunchScreen.storyboard; sourceTree = "<group>"; };
		200F32D523165E09000C64D3 /* Info.plist */ = {isa = PBXFileReference; lastKnownFileType = text.plist.xml; path = Info.plist; sourceTree = "<group>"; };
		200F32D623165E09000C64D3 /* main.m */ = {isa = PBXFileReference; lastKnownFileType = sourcecode.c.objc; path = main.m; sourceTree = "<group>"; };
		200F32DC23165E09000C64D3 /* MyAppDemoTests.xctest */ = {isa = PBXFileReference; explicitFileType = wrapper.cfbundle; includeInIndex = 0; path = MyAppDemoTests.xctest; sourceTree = BUILT_PRODUCTS_DIR; };
		200F32E023165E09000C64D3 /* MyAppDemoTests.m */ = {isa = PBXFileReference; lastKnownFileType = sourcecode.c.objc; path = MyAppDemoTests.m; sourceTree = "<group>"; };
		200F32E223165E09000C64D3 /* Info.plist */ = {isa = PBXFileReference; lastKnownFileType = text.plist.xml; path = Info.plist; sourceTree = "<group>"; };
		200F32E723165E09000C64D3 /* MyAppDemoUITests.xctest */ = {isa = PBXFileReference; explicitFileType = wrapper.cfbundle; includeInIndex = 0; path = MyAppDemoUITests.xctest; sourceTree = BUILT_PRODUCTS_DIR; };
		200F32EB23165E09000C64D3 /* MyAppDemoUITests.m */ = {isa = PBXFileReference; lastKnownFileType = sourcecode.c.objc; path = MyAppDemoUITests.m; sourceTree = "<group>"; };
		200F32ED23165E09000C64D3 /* Info.plist */ = {isa = PBXFileReference; lastKnownFileType = text.plist.xml; path = Info.plist; sourceTree = "<group>"; };
		200F32FC2316627A000C64D3 /* YiCheTableViewController.h */ = {isa = PBXFileReference; lastKnownFileType = sourcecode.c.h; path = YiCheTableViewController.h; sourceTree = "<group>"; };
		200F32FD2316627A000C64D3 /* YiCheTableViewController.m */ = {isa = PBXFileReference; lastKnownFileType = sourcecode.c.objc; path = YiCheTableViewController.m; sourceTree = "<group>"; };
		200F32FF2316629C000C64D3 /* YiCheTableViewCell.h */ = {isa = PBXFileReference; lastKnownFileType = sourcecode.c.h; path = YiCheTableViewCell.h; sourceTree = "<group>"; };
		200F33002316629C000C64D3 /* YiCheTableViewCell.m */ = {isa = PBXFileReference; lastKnownFileType = sourcecode.c.objc; path = YiCheTableViewCell.m; sourceTree = "<group>"; };
		200F33012316629C000C64D3 /* YiCheTableViewCell.xib */ = {isa = PBXFileReference; lastKnownFileType = file.xib; path = YiCheTableViewCell.xib; sourceTree = "<group>"; };
		200F3306231667E0000C64D3 /* 汽车.jpg */ = {isa = PBXFileReference; lastKnownFileType = image.jpeg; path = "汽车.jpg"; sourceTree = "<group>"; };
		200F330A23166959000C64D3 /* PrefixHeader.pch */ = {isa = PBXFileReference; lastKnownFileType = sourcecode.c.h; path = PrefixHeader.pch; sourceTree = "<group>"; };
		200F330B231669C2000C64D3 /* SizeMacro.h */ = {isa = PBXFileReference; lastKnownFileType = sourcecode.c.h; path = SizeMacro.h; sourceTree = "<group>"; };
		200F330C23166C29000C64D3 /* FunctionMacro.h */ = {isa = PBXFileReference; lastKnownFileType = sourcecode.c.h; path = FunctionMacro.h; sourceTree = "<group>"; };
		200F3314231778FD000C64D3 /* ScrollStringViewController.h */ = {isa = PBXFileReference; lastKnownFileType = sourcecode.c.h; path = ScrollStringViewController.h; sourceTree = "<group>"; };
		200F3315231778FD000C64D3 /* ScrollStringViewController.m */ = {isa = PBXFileReference; lastKnownFileType = sourcecode.c.objc; path = ScrollStringViewController.m; sourceTree = "<group>"; };
		200F331723178253000C64D3 /* HeaderImpot.h */ = {isa = PBXFileReference; lastKnownFileType = sourcecode.c.h; path = HeaderImpot.h; sourceTree = "<group>"; };
		200F33182317A32E000C64D3 /* 字符串流动图.png */ = {isa = PBXFileReference; lastKnownFileType = image.png; path = "字符串流动图.png"; sourceTree = "<group>"; };
		200F334C2317B323000C64D3 /* RiLiViewController.h */ = {isa = PBXFileReference; lastKnownFileType = sourcecode.c.h; path = RiLiViewController.h; sourceTree = "<group>"; };
		200F334D2317B323000C64D3 /* RiLiViewController.m */ = {isa = PBXFileReference; lastKnownFileType = sourcecode.c.objc; path = RiLiViewController.m; sourceTree = "<group>"; };
		200F33502317B3DD000C64D3 /* CalendarMacroHeader.h */ = {isa = PBXFileReference; fileEncoding = 4; lastKnownFileType = sourcecode.c.h; path = CalendarMacroHeader.h; sourceTree = "<group>"; };
		200F33512317B3DD000C64D3 /* NSDate+FSCalendar.m */ = {isa = PBXFileReference; fileEncoding = 4; lastKnownFileType = sourcecode.c.objc; path = "NSDate+FSCalendar.m"; sourceTree = "<group>"; };
		200F33522317B3DD000C64D3 /* FSCalendarDateModel.m */ = {isa = PBXFileReference; fileEncoding = 4; lastKnownFileType = sourcecode.c.objc; path = FSCalendarDateModel.m; sourceTree = "<group>"; };
		200F33532317B3DD000C64D3 /* FSCalendarHeaderView.h */ = {isa = PBXFileReference; fileEncoding = 4; lastKnownFileType = sourcecode.c.h; path = FSCalendarHeaderView.h; sourceTree = "<group>"; };
		200F33542317B3DD000C64D3 /* FSCalendarView.m */ = {isa = PBXFileReference; fileEncoding = 4; lastKnownFileType = sourcecode.c.objc; path = FSCalendarView.m; sourceTree = "<group>"; };
		200F33552317B3DD000C64D3 /* FSCalendarDayModel.m */ = {isa = PBXFileReference; fileEncoding = 4; lastKnownFileType = sourcecode.c.objc; path = FSCalendarDayModel.m; sourceTree = "<group>"; };
		200F33562317B3DD000C64D3 /* FSCalendarScrollView.m */ = {isa = PBXFileReference; fileEncoding = 4; lastKnownFileType = sourcecode.c.objc; path = FSCalendarScrollView.m; sourceTree = "<group>"; };
		200F33572317B3DD000C64D3 /* FSCalendarCell.m */ = {isa = PBXFileReference; fileEncoding = 4; lastKnownFileType = sourcecode.c.objc; path = FSCalendarCell.m; sourceTree = "<group>"; };
		200F33582317B3DD000C64D3 /* NSDate+FSCalendar.h */ = {isa = PBXFileReference; fileEncoding = 4; lastKnownFileType = sourcecode.c.h; path = "NSDate+FSCalendar.h"; sourceTree = "<group>"; };
		200F33592317B3DD000C64D3 /* FSCalendarDateModel.h */ = {isa = PBXFileReference; fileEncoding = 4; lastKnownFileType = sourcecode.c.h; path = FSCalendarDateModel.h; sourceTree = "<group>"; };
		200F335A2317B3DD000C64D3 /* FSCalendarDayModel.h */ = {isa = PBXFileReference; fileEncoding = 4; lastKnownFileType = sourcecode.c.h; path = FSCalendarDayModel.h; sourceTree = "<group>"; };
		200F335B2317B3DD000C64D3 /* FSCalendarView.h */ = {isa = PBXFileReference; fileEncoding = 4; lastKnownFileType = sourcecode.c.h; path = FSCalendarView.h; sourceTree = "<group>"; };
		200F335C2317B3DD000C64D3 /* FSCalendarHeaderView.m */ = {isa = PBXFileReference; fileEncoding = 4; lastKnownFileType = sourcecode.c.objc; path = FSCalendarHeaderView.m; sourceTree = "<group>"; };
		200F335D2317B3DD000C64D3 /* FSCalendarCell.h */ = {isa = PBXFileReference; fileEncoding = 4; lastKnownFileType = sourcecode.c.h; path = FSCalendarCell.h; sourceTree = "<group>"; };
		200F335E2317B3DD000C64D3 /* FSCalendarScrollView.h */ = {isa = PBXFileReference; fileEncoding = 4; lastKnownFileType = sourcecode.c.h; path = FSCalendarScrollView.h; sourceTree = "<group>"; };
		200F33692317BF42000C64D3 /* UIImage(Extension).h */ = {isa = PBXFileReference; fileEncoding = 4; lastKnownFileType = sourcecode.c.h; path = "UIImage(Extension).h"; sourceTree = "<group>"; };
		200F336A2317BF42000C64D3 /* YTScratchyCard.m */ = {isa = PBXFileReference; fileEncoding = 4; lastKnownFileType = sourcecode.c.objc; path = YTScratchyCard.m; sourceTree = "<group>"; };
		200F336B2317BF42000C64D3 /* UIImage(Extension).m */ = {isa = PBXFileReference; fileEncoding = 4; lastKnownFileType = sourcecode.c.objc; path = "UIImage(Extension).m"; sourceTree = "<group>"; };
		200F336C2317BF42000C64D3 /* YTScratchyCard.h */ = {isa = PBXFileReference; fileEncoding = 4; lastKnownFileType = sourcecode.c.h; path = YTScratchyCard.h; sourceTree = "<group>"; };
		200F336F2317BF52000C64D3 /* GuaGuaLeViewController.h */ = {isa = PBXFileReference; lastKnownFileType = sourcecode.c.h; path = GuaGuaLeViewController.h; sourceTree = "<group>"; };
		200F33702317BF52000C64D3 /* GuaGuaLeViewController.m */ = {isa = PBXFileReference; lastKnownFileType = sourcecode.c.objc; path = GuaGuaLeViewController.m; sourceTree = "<group>"; };
		200F33722317C319000C64D3 /* 刮刮乐.jpg */ = {isa = PBXFileReference; lastKnownFileType = image.jpeg; path = "刮刮乐.jpg"; sourceTree = "<group>"; };
		20479E512318D0E500AB2E05 /* YABColorChangeViewController.h */ = {isa = PBXFileReference; lastKnownFileType = sourcecode.c.h; path = YABColorChangeViewController.h; sourceTree = "<group>"; };
		20479E522318D0E500AB2E05 /* YABColorChangeViewController.m */ = {isa = PBXFileReference; lastKnownFileType = sourcecode.c.objc; path = YABColorChangeViewController.m; sourceTree = "<group>"; };
		20479E542318D18200AB2E05 /* YABColorChangeView.h */ = {isa = PBXFileReference; lastKnownFileType = sourcecode.c.h; path = YABColorChangeView.h; sourceTree = "<group>"; };
		20479E552318D18200AB2E05 /* YABColorChangeView.m */ = {isa = PBXFileReference; lastKnownFileType = sourcecode.c.objc; path = YABColorChangeView.m; sourceTree = "<group>"; };
		20479E5D2318D29B00AB2E05 /* WJColorChange.m */ = {isa = PBXFileReference; fileEncoding = 4; lastKnownFileType = sourcecode.c.objc; path = WJColorChange.m; sourceTree = "<group>"; };
		20479E5E2318D29B00AB2E05 /* WJColorChange.h */ = {isa = PBXFileReference; fileEncoding = 4; lastKnownFileType = sourcecode.c.h; path = WJColorChange.h; sourceTree = "<group>"; };
		20479E612318D2B300AB2E05 /* WJCell.m */ = {isa = PBXFileReference; fileEncoding = 4; lastKnownFileType = sourcecode.c.objc; path = WJCell.m; sourceTree = "<group>"; };
		20479E622318D2B300AB2E05 /* WJFlowLayout.h */ = {isa = PBXFileReference; fileEncoding = 4; lastKnownFileType = sourcecode.c.h; path = WJFlowLayout.h; sourceTree = "<group>"; };
		20479E632318D2B300AB2E05 /* WJCell.h */ = {isa = PBXFileReference; fileEncoding = 4; lastKnownFileType = sourcecode.c.h; path = WJCell.h; sourceTree = "<group>"; };
		20479E642318D2B300AB2E05 /* WJFlowLayout.m */ = {isa = PBXFileReference; fileEncoding = 4; lastKnownFileType = sourcecode.c.objc; path = WJFlowLayout.m; sourceTree = "<group>"; };
		20479E6A2318F61500AB2E05 /* DianZanViewController.h */ = {isa = PBXFileReference; lastKnownFileType = sourcecode.c.h; path = DianZanViewController.h; sourceTree = "<group>"; };
		20479E6B2318F61500AB2E05 /* DianZanViewController.m */ = {isa = PBXFileReference; lastKnownFileType = sourcecode.c.objc; path = DianZanViewController.m; sourceTree = "<group>"; };
		20479E6E2318F66C00AB2E05 /* XBPraiseAnimation.m */ = {isa = PBXFileReference; fileEncoding = 4; lastKnownFileType = sourcecode.c.objc; path = XBPraiseAnimation.m; sourceTree = "<group>"; };
		20479E6F2318F66C00AB2E05 /* XBPraiseAnimation.h */ = {isa = PBXFileReference; fileEncoding = 4; lastKnownFileType = sourcecode.c.h; path = XBPraiseAnimation.h; sourceTree = "<group>"; };
		20479E732318FE6900AB2E05 /* DianZanButtonViewController.h */ = {isa = PBXFileReference; lastKnownFileType = sourcecode.c.h; path = DianZanButtonViewController.h; sourceTree = "<group>"; };
		20479E742318FE6900AB2E05 /* DianZanButtonViewController.m */ = {isa = PBXFileReference; lastKnownFileType = sourcecode.c.objc; path = DianZanButtonViewController.m; sourceTree = "<group>"; };
		20479E772318FE8500AB2E05 /* JHLikeButton.m */ = {isa = PBXFileReference; fileEncoding = 4; lastKnownFileType = sourcecode.c.objc; path = JHLikeButton.m; sourceTree = "<group>"; };
		20479E782318FE8500AB2E05 /* JHLikeButton.h */ = {isa = PBXFileReference; fileEncoding = 4; lastKnownFileType = sourcecode.c.h; path = JHLikeButton.h; sourceTree = "<group>"; };
		20479E7F2319074000AB2E05 /* CRListViewController.h */ = {isa = PBXFileReference; fileEncoding = 4; lastKnownFileType = sourcecode.c.h; path = CRListViewController.h; sourceTree = "<group>"; };
		20479E802319074000AB2E05 /* CRListViewController.m */ = {isa = PBXFileReference; fileEncoding = 4; lastKnownFileType = sourcecode.c.objc; path = CRListViewController.m; sourceTree = "<group>"; };
		20479E822319074A00AB2E05 /* CRDetailViewController.h */ = {isa = PBXFileReference; fileEncoding = 4; lastKnownFileType = sourcecode.c.h; path = CRDetailViewController.h; sourceTree = "<group>"; };
		20479E832319074A00AB2E05 /* CRDetailViewController.m */ = {isa = PBXFileReference; fileEncoding = 4; lastKnownFileType = sourcecode.c.objc; path = CRDetailViewController.m; sourceTree = "<group>"; };
		20479E862319078600AB2E05 /* CRListVCCell.h */ = {isa = PBXFileReference; fileEncoding = 4; lastKnownFileType = sourcecode.c.h; path = CRListVCCell.h; sourceTree = "<group>"; };
		20479E872319078600AB2E05 /* CRListVCCell.m */ = {isa = PBXFileReference; fileEncoding = 4; lastKnownFileType = sourcecode.c.objc; path = CRListVCCell.m; sourceTree = "<group>"; };
		20479E8A231907C000AB2E05 /* CRBoxInputModel.h */ = {isa = PBXFileReference; fileEncoding = 4; lastKnownFileType = sourcecode.c.h; path = CRBoxInputModel.h; sourceTree = "<group>"; };
		20479E8B231907C000AB2E05 /* CRBoxInputModel.m */ = {isa = PBXFileReference; fileEncoding = 4; lastKnownFileType = sourcecode.c.objc; path = CRBoxInputModel.m; sourceTree = "<group>"; };
		20479E8E231907F900AB2E05 /* CRConstant.h */ = {isa = PBXFileReference; fileEncoding = 4; lastKnownFileType = sourcecode.c.h; path = CRConstant.h; sourceTree = "<group>"; };
		20479E8F231907F900AB2E05 /* CRConstant.m */ = {isa = PBXFileReference; fileEncoding = 4; lastKnownFileType = sourcecode.c.objc; path = CRConstant.m; sourceTree = "<group>"; };
		20479E9423191C6700AB2E05 /* JHSoundWaveView.h */ = {isa = PBXFileReference; fileEncoding = 4; lastKnownFileType = sourcecode.c.h; path = JHSoundWaveView.h; sourceTree = "<group>"; };
		20479E9523191C6700AB2E05 /* JHSoundWaveView.m */ = {isa = PBXFileReference; fileEncoding = 4; lastKnownFileType = sourcecode.c.objc; path = JHSoundWaveView.m; sourceTree = "<group>"; };
		20479E9823191CA000AB2E05 /* ShengBoViewController.h */ = {isa = PBXFileReference; lastKnownFileType = sourcecode.c.h; path = ShengBoViewController.h; sourceTree = "<group>"; };
		20479E9923191CA000AB2E05 /* ShengBoViewController.m */ = {isa = PBXFileReference; lastKnownFileType = sourcecode.c.objc; path = ShengBoViewController.m; sourceTree = "<group>"; };
		20479E9D231927DB00AB2E05 /* ListModel.h */ = {isa = PBXFileReference; fileEncoding = 4; lastKnownFileType = sourcecode.c.h; path = ListModel.h; sourceTree = "<group>"; };
		20479E9E231927DB00AB2E05 /* ListModel.m */ = {isa = PBXFileReference; fileEncoding = 4; lastKnownFileType = sourcecode.c.objc; path = ListModel.m; sourceTree = "<group>"; };
		20479EA0231927DB00AB2E05 /* MainCollectionViewCell.h */ = {isa = PBXFileReference; fileEncoding = 4; lastKnownFileType = sourcecode.c.h; path = MainCollectionViewCell.h; sourceTree = "<group>"; };
		20479EA2231927DB00AB2E05 /* CellDrawView.m */ = {isa = PBXFileReference; fileEncoding = 4; lastKnownFileType = sourcecode.c.objc; path = CellDrawView.m; sourceTree = "<group>"; };
		20479EA3231927DB00AB2E05 /* CellDrawView.h */ = {isa = PBXFileReference; fileEncoding = 4; lastKnownFileType = sourcecode.c.h; path = CellDrawView.h; sourceTree = "<group>"; };
		20479EA4231927DB00AB2E05 /* MainCollectionViewCell.xib */ = {isa = PBXFileReference; fileEncoding = 4; lastKnownFileType = file.xib; path = MainCollectionViewCell.xib; sourceTree = "<group>"; };
		20479EA5231927DB00AB2E05 /* MainCollectionViewCell.m */ = {isa = PBXFileReference; fileEncoding = 4; lastKnownFileType = sourcecode.c.objc; path = MainCollectionViewCell.m; sourceTree = "<group>"; };
		20479EAB231927FE00AB2E05 /* DrawPathViewController.h */ = {isa = PBXFileReference; lastKnownFileType = sourcecode.c.h; path = DrawPathViewController.h; sourceTree = "<group>"; };
		20479EAC231927FE00AB2E05 /* DrawPathViewController.m */ = {isa = PBXFileReference; lastKnownFileType = sourcecode.c.objc; path = DrawPathViewController.m; sourceTree = "<group>"; };
		20479EBE2319290200AB2E05 /* AxcDrawPathTool.h */ = {isa = PBXFileReference; fileEncoding = 4; lastKnownFileType = sourcecode.c.h; path = AxcDrawPathTool.h; sourceTree = "<group>"; };
		20479EC02319290200AB2E05 /* AxcCAAnimation.h */ = {isa = PBXFileReference; fileEncoding = 4; lastKnownFileType = sourcecode.c.h; path = AxcCAAnimation.h; sourceTree = "<group>"; };
		20479EC12319290200AB2E05 /* AxcCAAnimation.m */ = {isa = PBXFileReference; fileEncoding = 4; lastKnownFileType = sourcecode.c.objc; path = AxcCAAnimation.m; sourceTree = "<group>"; };
		20479EC22319290200AB2E05 /* AxcDrawDefine.h */ = {isa = PBXFileReference; fileEncoding = 4; lastKnownFileType = sourcecode.c.h; path = AxcDrawDefine.h; sourceTree = "<group>"; };
		20479EC52319290200AB2E05 /* AxcPolarAxis.h */ = {isa = PBXFileReference; fileEncoding = 4; lastKnownFileType = sourcecode.c.h; path = AxcPolarAxis.h; sourceTree = "<group>"; };
		20479EC62319290200AB2E05 /* AxcPolarAxis.m */ = {isa = PBXFileReference; fileEncoding = 4; lastKnownFileType = sourcecode.c.objc; path = AxcPolarAxis.m; sourceTree = "<group>"; };
		20479EC72319290200AB2E05 /* AxcDrawPath.m */ = {isa = PBXFileReference; fileEncoding = 4; lastKnownFileType = sourcecode.c.objc; path = AxcDrawPath.m; sourceTree = "<group>"; };
		20479EC82319290200AB2E05 /* AxcDrawPath.h */ = {isa = PBXFileReference; fileEncoding = 4; lastKnownFileType = sourcecode.c.h; path = AxcDrawPath.h; sourceTree = "<group>"; };
		20479ECA2319290200AB2E05 /* AxcCustomDrawPath.m */ = {isa = PBXFileReference; fileEncoding = 4; lastKnownFileType = sourcecode.c.objc; path = AxcCustomDrawPath.m; sourceTree = "<group>"; };
		20479ECB2319290200AB2E05 /* AxcCustomDrawPath.h */ = {isa = PBXFileReference; fileEncoding = 4; lastKnownFileType = sourcecode.c.h; path = AxcCustomDrawPath.h; sourceTree = "<group>"; };
		61EA6464C748BE11C9BD1490 /* Pods-MyAppDemo.debug.xcconfig */ = {isa = PBXFileReference; includeInIndex = 1; lastKnownFileType = text.xcconfig; name = "Pods-MyAppDemo.debug.xcconfig"; path = "Pods/Target Support Files/Pods-MyAppDemo/Pods-MyAppDemo.debug.xcconfig"; sourceTree = "<group>"; };
		A77C8AC698607122FD506835 /* Pods_MyAppDemo.framework */ = {isa = PBXFileReference; explicitFileType = wrapper.framework; includeInIndex = 0; path = Pods_MyAppDemo.framework; sourceTree = BUILT_PRODUCTS_DIR; };
/* End PBXFileReference section */

/* Begin PBXFrameworksBuildPhase section */
		200F32C123165E06000C64D3 /* Frameworks */ = {
			isa = PBXFrameworksBuildPhase;
			buildActionMask = 2147483647;
			files = (
				1A75801CD2717389B7A6ADBB /* Pods_MyAppDemo.framework in Frameworks */,
			);
			runOnlyForDeploymentPostprocessing = 0;
		};
		200F32D923165E09000C64D3 /* Frameworks */ = {
			isa = PBXFrameworksBuildPhase;
			buildActionMask = 2147483647;
			files = (
			);
			runOnlyForDeploymentPostprocessing = 0;
		};
		200F32E423165E09000C64D3 /* Frameworks */ = {
			isa = PBXFrameworksBuildPhase;
			buildActionMask = 2147483647;
			files = (
			);
			runOnlyForDeploymentPostprocessing = 0;
		};
/* End PBXFrameworksBuildPhase section */

/* Begin PBXGroup section */
		200F32BB23165E06000C64D3 = {
			isa = PBXGroup;
			children = (
				200F32C623165E06000C64D3 /* MyAppDemo */,
				200F32DF23165E09000C64D3 /* MyAppDemoTests */,
				200F32EA23165E09000C64D3 /* MyAppDemoUITests */,
				200F32C523165E06000C64D3 /* Products */,
				4C787F4B42FC543DFC44C1DE /* Pods */,
				326EFDF8278C2348C29EEE84 /* Frameworks */,
			);
			sourceTree = "<group>";
		};
		200F32C523165E06000C64D3 /* Products */ = {
			isa = PBXGroup;
			children = (
				200F32C423165E06000C64D3 /* MyAppDemo.app */,
				200F32DC23165E09000C64D3 /* MyAppDemoTests.xctest */,
				200F32E723165E09000C64D3 /* MyAppDemoUITests.xctest */,
			);
			name = Products;
			sourceTree = "<group>";
		};
		200F32C623165E06000C64D3 /* MyAppDemo */ = {
			isa = PBXGroup;
			children = (
				200F33082316690D000C64D3 /* Macro */,
				200F3304231667CF000C64D3 /* Resource */,
				200F32F9231661DA000C64D3 /* 易车app首页广告cell透视 */,
				200F330D2317788B000C64D3 /* 字符串滚动控件 */,
				200F33332317B30D000C64D3 /* 日历 */,
				200F33662317BF26000C64D3 /* 刮刮乐 */,
				20479E4E2318D0CE00AB2E05 /* 界面滑动颜色跟随渐变 */,
				20479E672318F5F500AB2E05 /* 点赞动画 */,
				20479E712318FE3800AB2E05 /* 点赞按钮动画 */,
				20479E7A231906C400AB2E05 /* 短信验证码,密码输入框 */,
				20479E9123191C6700AB2E05 /* 声波动画 */,
				20479E9B231927DB00AB2E05 /* 快速贝塞尔曲线绘制工具 */,
				200F32C723165E06000C64D3 /* AppDelegate.h */,
				200F32C823165E06000C64D3 /* AppDelegate.m */,
				200F32CA23165E06000C64D3 /* ViewController.h */,
				200F32CB23165E06000C64D3 /* ViewController.m */,
				200F32CD23165E06000C64D3 /* Main.storyboard */,
				200F32D023165E09000C64D3 /* Assets.xcassets */,
				200F32D223165E09000C64D3 /* LaunchScreen.storyboard */,
				200F32D523165E09000C64D3 /* Info.plist */,
				200F32D623165E09000C64D3 /* main.m */,
			);
			path = MyAppDemo;
			sourceTree = "<group>";
		};
		200F32DF23165E09000C64D3 /* MyAppDemoTests */ = {
			isa = PBXGroup;
			children = (
				200F32E023165E09000C64D3 /* MyAppDemoTests.m */,
				200F32E223165E09000C64D3 /* Info.plist */,
			);
			path = MyAppDemoTests;
			sourceTree = "<group>";
		};
		200F32EA23165E09000C64D3 /* MyAppDemoUITests */ = {
			isa = PBXGroup;
			children = (
				200F32EB23165E09000C64D3 /* MyAppDemoUITests.m */,
				200F32ED23165E09000C64D3 /* Info.plist */,
			);
			path = MyAppDemoUITests;
			sourceTree = "<group>";
		};
		200F32F9231661DA000C64D3 /* 易车app首页广告cell透视 */ = {
			isa = PBXGroup;
			children = (
				200F32FA2316621A000C64D3 /* Cell */,
				200F32FB2316621A000C64D3 /* ViewController */,
			);
			path = "易车app首页广告cell透视";
			sourceTree = "<group>";
		};
		200F32FA2316621A000C64D3 /* Cell */ = {
			isa = PBXGroup;
			children = (
				200F32FF2316629C000C64D3 /* YiCheTableViewCell.h */,
				200F33002316629C000C64D3 /* YiCheTableViewCell.m */,
				200F33012316629C000C64D3 /* YiCheTableViewCell.xib */,
			);
			path = Cell;
			sourceTree = "<group>";
		};
		200F32FB2316621A000C64D3 /* ViewController */ = {
			isa = PBXGroup;
			children = (
				200F32FC2316627A000C64D3 /* YiCheTableViewController.h */,
				200F32FD2316627A000C64D3 /* YiCheTableViewController.m */,
			);
			path = ViewController;
			sourceTree = "<group>";
		};
		200F3304231667CF000C64D3 /* Resource */ = {
			isa = PBXGroup;
			children = (
				200F3305231667CF000C64D3 /* Image */,
			);
			path = Resource;
			sourceTree = "<group>";
		};
		200F3305231667CF000C64D3 /* Image */ = {
			isa = PBXGroup;
			children = (
				200F3306231667E0000C64D3 /* 汽车.jpg */,
				200F33182317A32E000C64D3 /* 字符串流动图.png */,
				200F33722317C319000C64D3 /* 刮刮乐.jpg */,
			);
			path = Image;
			sourceTree = "<group>";
		};
		200F33082316690D000C64D3 /* Macro */ = {
			isa = PBXGroup;
			children = (
				200F330A23166959000C64D3 /* PrefixHeader.pch */,
				200F330B231669C2000C64D3 /* SizeMacro.h */,
				200F330C23166C29000C64D3 /* FunctionMacro.h */,
				200F331723178253000C64D3 /* HeaderImpot.h */,
			);
			path = Macro;
			sourceTree = "<group>";
		};
		200F330D2317788B000C64D3 /* 字符串滚动控件 */ = {
			isa = PBXGroup;
			children = (
				200F330E2317788B000C64D3 /* ViewController */,
			);
			path = "字符串滚动控件";
			sourceTree = "<group>";
		};
		200F330E2317788B000C64D3 /* ViewController */ = {
			isa = PBXGroup;
			children = (
				200F3314231778FD000C64D3 /* ScrollStringViewController.h */,
				200F3315231778FD000C64D3 /* ScrollStringViewController.m */,
			);
			path = ViewController;
			sourceTree = "<group>";
		};
		200F33332317B30D000C64D3 /* 日历 */ = {
			isa = PBXGroup;
			children = (
				200F334F2317B3DD000C64D3 /* FSCalendar */,
				200F33442317B30D000C64D3 /* ViewController */,
			);
			path = "日历";
			sourceTree = "<group>";
		};
		200F33442317B30D000C64D3 /* ViewController */ = {
			isa = PBXGroup;
			children = (
				200F334C2317B323000C64D3 /* RiLiViewController.h */,
				200F334D2317B323000C64D3 /* RiLiViewController.m */,
			);
			path = ViewController;
			sourceTree = "<group>";
		};
		200F334F2317B3DD000C64D3 /* FSCalendar */ = {
			isa = PBXGroup;
			children = (
				200F33502317B3DD000C64D3 /* CalendarMacroHeader.h */,
				200F335D2317B3DD000C64D3 /* FSCalendarCell.h */,
				200F33572317B3DD000C64D3 /* FSCalendarCell.m */,
				200F33592317B3DD000C64D3 /* FSCalendarDateModel.h */,
				200F33522317B3DD000C64D3 /* FSCalendarDateModel.m */,
				200F335A2317B3DD000C64D3 /* FSCalendarDayModel.h */,
				200F33552317B3DD000C64D3 /* FSCalendarDayModel.m */,
				200F33532317B3DD000C64D3 /* FSCalendarHeaderView.h */,
				200F335C2317B3DD000C64D3 /* FSCalendarHeaderView.m */,
				200F335E2317B3DD000C64D3 /* FSCalendarScrollView.h */,
				200F33562317B3DD000C64D3 /* FSCalendarScrollView.m */,
				200F335B2317B3DD000C64D3 /* FSCalendarView.h */,
				200F33542317B3DD000C64D3 /* FSCalendarView.m */,
				200F33582317B3DD000C64D3 /* NSDate+FSCalendar.h */,
				200F33512317B3DD000C64D3 /* NSDate+FSCalendar.m */,
			);
			path = FSCalendar;
			sourceTree = "<group>";
		};
		200F33662317BF26000C64D3 /* 刮刮乐 */ = {
			isa = PBXGroup;
			children = (
				200F33682317BF42000C64D3 /* vender */,
				200F33672317BF26000C64D3 /* ViewController */,
			);
			path = "刮刮乐";
			sourceTree = "<group>";
		};
		200F33672317BF26000C64D3 /* ViewController */ = {
			isa = PBXGroup;
			children = (
				200F336F2317BF52000C64D3 /* GuaGuaLeViewController.h */,
				200F33702317BF52000C64D3 /* GuaGuaLeViewController.m */,
			);
			path = ViewController;
			sourceTree = "<group>";
		};
		200F33682317BF42000C64D3 /* vender */ = {
			isa = PBXGroup;
			children = (
				200F33692317BF42000C64D3 /* UIImage(Extension).h */,
				200F336B2317BF42000C64D3 /* UIImage(Extension).m */,
				200F336C2317BF42000C64D3 /* YTScratchyCard.h */,
				200F336A2317BF42000C64D3 /* YTScratchyCard.m */,
			);
			path = vender;
			sourceTree = "<group>";
		};
		20479E4E2318D0CE00AB2E05 /* 界面滑动颜色跟随渐变 */ = {
			isa = PBXGroup;
			children = (
				20479E4F2318D0CE00AB2E05 /* YABColorChangeView */,
				20479E502318D0CE00AB2E05 /* ViewController */,
			);
			path = "界面滑动颜色跟随渐变";
			sourceTree = "<group>";
		};
		20479E4F2318D0CE00AB2E05 /* YABColorChangeView */ = {
			isa = PBXGroup;
			children = (
				20479E5C2318D29B00AB2E05 /* ColorChangeTool */,
				20479E602318D2B300AB2E05 /* View */,
				20479E542318D18200AB2E05 /* YABColorChangeView.h */,
				20479E552318D18200AB2E05 /* YABColorChangeView.m */,
			);
			path = YABColorChangeView;
			sourceTree = "<group>";
		};
		20479E502318D0CE00AB2E05 /* ViewController */ = {
			isa = PBXGroup;
			children = (
				20479E512318D0E500AB2E05 /* YABColorChangeViewController.h */,
				20479E522318D0E500AB2E05 /* YABColorChangeViewController.m */,
			);
			path = ViewController;
			sourceTree = "<group>";
		};
		20479E5C2318D29B00AB2E05 /* ColorChangeTool */ = {
			isa = PBXGroup;
			children = (
				20479E5E2318D29B00AB2E05 /* WJColorChange.h */,
				20479E5D2318D29B00AB2E05 /* WJColorChange.m */,
			);
			path = ColorChangeTool;
			sourceTree = "<group>";
		};
		20479E602318D2B300AB2E05 /* View */ = {
			isa = PBXGroup;
			children = (
				20479E632318D2B300AB2E05 /* WJCell.h */,
				20479E612318D2B300AB2E05 /* WJCell.m */,
				20479E622318D2B300AB2E05 /* WJFlowLayout.h */,
				20479E642318D2B300AB2E05 /* WJFlowLayout.m */,
			);
			path = View;
			sourceTree = "<group>";
		};
		20479E672318F5F500AB2E05 /* 点赞动画 */ = {
			isa = PBXGroup;
			children = (
				20479E6D2318F66C00AB2E05 /* XBPraiseAnimation */,
				20479E692318F5F500AB2E05 /* ViewController */,
			);
			path = "点赞动画";
			sourceTree = "<group>";
		};
		20479E692318F5F500AB2E05 /* ViewController */ = {
			isa = PBXGroup;
			children = (
				20479E6A2318F61500AB2E05 /* DianZanViewController.h */,
				20479E6B2318F61500AB2E05 /* DianZanViewController.m */,
			);
			path = ViewController;
			sourceTree = "<group>";
		};
		20479E6D2318F66C00AB2E05 /* XBPraiseAnimation */ = {
			isa = PBXGroup;
			children = (
				20479E6E2318F66C00AB2E05 /* XBPraiseAnimation.m */,
				20479E6F2318F66C00AB2E05 /* XBPraiseAnimation.h */,
			);
			path = XBPraiseAnimation;
			sourceTree = "<group>";
		};
		20479E712318FE3800AB2E05 /* 点赞按钮动画 */ = {
			isa = PBXGroup;
			children = (
				20479E722318FE5100AB2E05 /* ViewController */,
			);
			path = "点赞按钮动画";
			sourceTree = "<group>";
		};
		20479E722318FE5100AB2E05 /* ViewController */ = {
			isa = PBXGroup;
			children = (
				20479E762318FE8500AB2E05 /* JHLikeButton */,
				20479E732318FE6900AB2E05 /* DianZanButtonViewController.h */,
				20479E742318FE6900AB2E05 /* DianZanButtonViewController.m */,
			);
			path = ViewController;
			sourceTree = "<group>";
		};
		20479E762318FE8500AB2E05 /* JHLikeButton */ = {
			isa = PBXGroup;
			children = (
				20479E782318FE8500AB2E05 /* JHLikeButton.h */,
				20479E772318FE8500AB2E05 /* JHLikeButton.m */,
			);
			path = JHLikeButton;
			sourceTree = "<group>";
		};
		20479E7A231906C400AB2E05 /* 短信验证码,密码输入框 */ = {
			isa = PBXGroup;
			children = (
				20479E8D231907F500AB2E05 /* Constant */,
				20479E89231907B500AB2E05 /* Model */,
				20479E852319077500AB2E05 /* View */,
				20479E7B231906C400AB2E05 /* ViewController */,
			);
			path = "短信验证码,密码输入框";
			sourceTree = "<group>";
		};
		20479E7B231906C400AB2E05 /* ViewController */ = {
			isa = PBXGroup;
			children = (
				20479E7F2319074000AB2E05 /* CRListViewController.h */,
				20479E802319074000AB2E05 /* CRListViewController.m */,
				20479E822319074A00AB2E05 /* CRDetailViewController.h */,
				20479E832319074A00AB2E05 /* CRDetailViewController.m */,
			);
			path = ViewController;
			sourceTree = "<group>";
		};
		20479E852319077500AB2E05 /* View */ = {
			isa = PBXGroup;
			children = (
				20479E862319078600AB2E05 /* CRListVCCell.h */,
				20479E872319078600AB2E05 /* CRListVCCell.m */,
			);
			path = View;
			sourceTree = "<group>";
		};
		20479E89231907B500AB2E05 /* Model */ = {
			isa = PBXGroup;
			children = (
				20479E8A231907C000AB2E05 /* CRBoxInputModel.h */,
				20479E8B231907C000AB2E05 /* CRBoxInputModel.m */,
			);
			path = Model;
			sourceTree = "<group>";
		};
		20479E8D231907F500AB2E05 /* Constant */ = {
			isa = PBXGroup;
			children = (
				20479E8E231907F900AB2E05 /* CRConstant.h */,
				20479E8F231907F900AB2E05 /* CRConstant.m */,
			);
			path = Constant;
			sourceTree = "<group>";
		};
		20479E9123191C6700AB2E05 /* 声波动画 */ = {
			isa = PBXGroup;
			children = (
				20479E9723191C8D00AB2E05 /* ViewController */,
				20479E9323191C6700AB2E05 /* JHSoundWaveView */,
			);
			path = "声波动画";
			sourceTree = "<group>";
		};
		20479E9323191C6700AB2E05 /* JHSoundWaveView */ = {
			isa = PBXGroup;
			children = (
				20479E9423191C6700AB2E05 /* JHSoundWaveView.h */,
				20479E9523191C6700AB2E05 /* JHSoundWaveView.m */,
			);
			path = JHSoundWaveView;
			sourceTree = "<group>";
		};
		20479E9723191C8D00AB2E05 /* ViewController */ = {
			isa = PBXGroup;
			children = (
				20479E9823191CA000AB2E05 /* ShengBoViewController.h */,
				20479E9923191CA000AB2E05 /* ShengBoViewController.m */,
			);
			path = ViewController;
			sourceTree = "<group>";
		};
		20479E9B231927DB00AB2E05 /* 快速贝塞尔曲线绘制工具 */ = {
			isa = PBXGroup;
			children = (
				20479EBD2319290200AB2E05 /* AxcDrawPathPackage */,
				20479E9C231927DB00AB2E05 /* Model */,
				20479E9F231927DB00AB2E05 /* View */,
				20479EA6231927DB00AB2E05 /* ViewController */,
			);
			path = "快速贝塞尔曲线绘制工具";
			sourceTree = "<group>";
		};
		20479E9C231927DB00AB2E05 /* Model */ = {
			isa = PBXGroup;
			children = (
				20479E9D231927DB00AB2E05 /* ListModel.h */,
				20479E9E231927DB00AB2E05 /* ListModel.m */,
			);
			path = Model;
			sourceTree = "<group>";
		};
		20479E9F231927DB00AB2E05 /* View */ = {
			isa = PBXGroup;
			children = (
				20479EA1231927DB00AB2E05 /* DrawView */,
				20479EA0231927DB00AB2E05 /* MainCollectionViewCell.h */,
				20479EA5231927DB00AB2E05 /* MainCollectionViewCell.m */,
				20479EA4231927DB00AB2E05 /* MainCollectionViewCell.xib */,
			);
			path = View;
			sourceTree = "<group>";
		};
		20479EA1231927DB00AB2E05 /* DrawView */ = {
			isa = PBXGroup;
			children = (
				20479EA2231927DB00AB2E05 /* CellDrawView.m */,
				20479EA3231927DB00AB2E05 /* CellDrawView.h */,
			);
			path = DrawView;
			sourceTree = "<group>";
		};
		20479EA6231927DB00AB2E05 /* ViewController */ = {
			isa = PBXGroup;
			children = (
				20479EAB231927FE00AB2E05 /* DrawPathViewController.h */,
				20479EAC231927FE00AB2E05 /* DrawPathViewController.m */,
			);
			path = ViewController;
			sourceTree = "<group>";
		};
		20479EBD2319290200AB2E05 /* AxcDrawPathPackage */ = {
			isa = PBXGroup;
			children = (
				20479EBE2319290200AB2E05 /* AxcDrawPathTool.h */,
				20479EBF2319290200AB2E05 /* AxcCAAnimation */,
				20479EC22319290200AB2E05 /* AxcDrawDefine.h */,
				20479EC32319290200AB2E05 /* AxcDrawPath */,
				20479EC92319290200AB2E05 /* AxcCustomDrawPath */,
			);
			path = AxcDrawPathPackage;
			sourceTree = "<group>";
		};
		20479EBF2319290200AB2E05 /* AxcCAAnimation */ = {
			isa = PBXGroup;
			children = (
				20479EC02319290200AB2E05 /* AxcCAAnimation.h */,
				20479EC12319290200AB2E05 /* AxcCAAnimation.m */,
			);
			path = AxcCAAnimation;
			sourceTree = "<group>";
		};
		20479EC32319290200AB2E05 /* AxcDrawPath */ = {
			isa = PBXGroup;
			children = (
				20479EC42319290200AB2E05 /* Tools */,
				20479EC72319290200AB2E05 /* AxcDrawPath.m */,
				20479EC82319290200AB2E05 /* AxcDrawPath.h */,
			);
			path = AxcDrawPath;
			sourceTree = "<group>";
		};
		20479EC42319290200AB2E05 /* Tools */ = {
			isa = PBXGroup;
			children = (
				20479EC52319290200AB2E05 /* AxcPolarAxis.h */,
				20479EC62319290200AB2E05 /* AxcPolarAxis.m */,
			);
			path = Tools;
			sourceTree = "<group>";
		};
		20479EC92319290200AB2E05 /* AxcCustomDrawPath */ = {
			isa = PBXGroup;
			children = (
				20479ECA2319290200AB2E05 /* AxcCustomDrawPath.m */,
				20479ECB2319290200AB2E05 /* AxcCustomDrawPath.h */,
			);
			path = AxcCustomDrawPath;
			sourceTree = "<group>";
		};
		326EFDF8278C2348C29EEE84 /* Frameworks */ = {
			isa = PBXGroup;
			children = (
				A77C8AC698607122FD506835 /* Pods_MyAppDemo.framework */,
			);
			name = Frameworks;
			sourceTree = "<group>";
		};
		4C787F4B42FC543DFC44C1DE /* Pods */ = {
			isa = PBXGroup;
			children = (
				61EA6464C748BE11C9BD1490 /* Pods-MyAppDemo.debug.xcconfig */,
				160FB6B144E2E2FE0CD3D1E6 /* Pods-MyAppDemo.release.xcconfig */,
			);
			name = Pods;
			sourceTree = "<group>";
		};
/* End PBXGroup section */

/* Begin PBXNativeTarget section */
		200F32C323165E06000C64D3 /* MyAppDemo */ = {
			isa = PBXNativeTarget;
			buildConfigurationList = 200F32F023165E09000C64D3 /* Build configuration list for PBXNativeTarget "MyAppDemo" */;
			buildPhases = (
				98B5B333F27397D55C724732 /* [CP] Check Pods Manifest.lock */,
				200F32C023165E06000C64D3 /* Sources */,
				200F32C123165E06000C64D3 /* Frameworks */,
				200F32C223165E06000C64D3 /* Resources */,
				DBED23B22548A3B796007F78 /* [CP] Embed Pods Frameworks */,
			);
			buildRules = (
			);
			dependencies = (
			);
			name = MyAppDemo;
			productName = MyAppDemo;
			productReference = 200F32C423165E06000C64D3 /* MyAppDemo.app */;
			productType = "com.apple.product-type.application";
		};
		200F32DB23165E09000C64D3 /* MyAppDemoTests */ = {
			isa = PBXNativeTarget;
			buildConfigurationList = 200F32F323165E09000C64D3 /* Build configuration list for PBXNativeTarget "MyAppDemoTests" */;
			buildPhases = (
				200F32D823165E09000C64D3 /* Sources */,
				200F32D923165E09000C64D3 /* Frameworks */,
				200F32DA23165E09000C64D3 /* Resources */,
			);
			buildRules = (
			);
			dependencies = (
				200F32DE23165E09000C64D3 /* PBXTargetDependency */,
			);
			name = MyAppDemoTests;
			productName = MyAppDemoTests;
			productReference = 200F32DC23165E09000C64D3 /* MyAppDemoTests.xctest */;
			productType = "com.apple.product-type.bundle.unit-test";
		};
		200F32E623165E09000C64D3 /* MyAppDemoUITests */ = {
			isa = PBXNativeTarget;
			buildConfigurationList = 200F32F623165E09000C64D3 /* Build configuration list for PBXNativeTarget "MyAppDemoUITests" */;
			buildPhases = (
				200F32E323165E09000C64D3 /* Sources */,
				200F32E423165E09000C64D3 /* Frameworks */,
				200F32E523165E09000C64D3 /* Resources */,
			);
			buildRules = (
			);
			dependencies = (
				200F32E923165E09000C64D3 /* PBXTargetDependency */,
			);
			name = MyAppDemoUITests;
			productName = MyAppDemoUITests;
			productReference = 200F32E723165E09000C64D3 /* MyAppDemoUITests.xctest */;
			productType = "com.apple.product-type.bundle.ui-testing";
		};
/* End PBXNativeTarget section */

/* Begin PBXProject section */
		200F32BC23165E06000C64D3 /* Project object */ = {
			isa = PBXProject;
			attributes = {
				LastUpgradeCheck = 1030;
				ORGANIZATIONNAME = yao;
				TargetAttributes = {
					200F32C323165E06000C64D3 = {
						CreatedOnToolsVersion = 10.3;
					};
					200F32DB23165E09000C64D3 = {
						CreatedOnToolsVersion = 10.3;
						TestTargetID = 200F32C323165E06000C64D3;
					};
					200F32E623165E09000C64D3 = {
						CreatedOnToolsVersion = 10.3;
						TestTargetID = 200F32C323165E06000C64D3;
					};
				};
			};
			buildConfigurationList = 200F32BF23165E06000C64D3 /* Build configuration list for PBXProject "MyAppDemo" */;
			compatibilityVersion = "Xcode 9.3";
			developmentRegion = en;
			hasScannedForEncodings = 0;
			knownRegions = (
				en,
				Base,
			);
			mainGroup = 200F32BB23165E06000C64D3;
			productRefGroup = 200F32C523165E06000C64D3 /* Products */;
			projectDirPath = "";
			projectRoot = "";
			targets = (
				200F32C323165E06000C64D3 /* MyAppDemo */,
				200F32DB23165E09000C64D3 /* MyAppDemoTests */,
				200F32E623165E09000C64D3 /* MyAppDemoUITests */,
			);
		};
/* End PBXProject section */

/* Begin PBXResourcesBuildPhase section */
		200F32C223165E06000C64D3 /* Resources */ = {
			isa = PBXResourcesBuildPhase;
			buildActionMask = 2147483647;
			files = (
				200F33032316629C000C64D3 /* YiCheTableViewCell.xib in Resources */,
				200F32D423165E09000C64D3 /* LaunchScreen.storyboard in Resources */,
				200F33732317C319000C64D3 /* 刮刮乐.jpg in Resources */,
				200F33192317A32E000C64D3 /* 字符串流动图.png in Resources */,
				200F32D123165E09000C64D3 /* Assets.xcassets in Resources */,
				200F32CF23165E06000C64D3 /* Main.storyboard in Resources */,
				200F3307231667E0000C64D3 /* 汽车.jpg in Resources */,
				20479EA9231927DB00AB2E05 /* MainCollectionViewCell.xib in Resources */,
			);
			runOnlyForDeploymentPostprocessing = 0;
		};
		200F32DA23165E09000C64D3 /* Resources */ = {
			isa = PBXResourcesBuildPhase;
			buildActionMask = 2147483647;
			files = (
			);
			runOnlyForDeploymentPostprocessing = 0;
		};
		200F32E523165E09000C64D3 /* Resources */ = {
			isa = PBXResourcesBuildPhase;
			buildActionMask = 2147483647;
			files = (
			);
			runOnlyForDeploymentPostprocessing = 0;
		};
/* End PBXResourcesBuildPhase section */

/* Begin PBXShellScriptBuildPhase section */
		98B5B333F27397D55C724732 /* [CP] Check Pods Manifest.lock */ = {
			isa = PBXShellScriptBuildPhase;
			buildActionMask = 2147483647;
			files = (
			);
			inputPaths = (
				"${PODS_PODFILE_DIR_PATH}/Podfile.lock",
				"${PODS_ROOT}/Manifest.lock",
			);
			name = "[CP] Check Pods Manifest.lock";
			outputPaths = (
				"$(DERIVED_FILE_DIR)/Pods-MyAppDemo-checkManifestLockResult.txt",
			);
			runOnlyForDeploymentPostprocessing = 0;
			shellPath = /bin/sh;
			shellScript = "diff \"${PODS_PODFILE_DIR_PATH}/Podfile.lock\" \"${PODS_ROOT}/Manifest.lock\" > /dev/null\nif [ $? != 0 ] ; then\n    # print error to STDERR\n    echo \"error: The sandbox is not in sync with the Podfile.lock. Run 'pod install' or update your CocoaPods installation.\" >&2\n    exit 1\nfi\n# This output is used by Xcode 'outputs' to avoid re-running this script phase.\necho \"SUCCESS\" > \"${SCRIPT_OUTPUT_FILE_0}\"\n";
			showEnvVarsInLog = 0;
		};
		DBED23B22548A3B796007F78 /* [CP] Embed Pods Frameworks */ = {
			isa = PBXShellScriptBuildPhase;
			buildActionMask = 2147483647;
			files = (
			);
			inputPaths = (
				"${SRCROOT}/Pods/Target Support Files/Pods-MyAppDemo/Pods-MyAppDemo-frameworks.sh",
				"${BUILT_PRODUCTS_DIR}/AxcDrawPath_Tool/AxcDrawPath_Tool.framework",
				"${BUILT_PRODUCTS_DIR}/CRBoxInputView/CRBoxInputView.framework",
				"${BUILT_PRODUCTS_DIR}/IQKeyboardManager/IQKeyboardManager.framework",
				"${BUILT_PRODUCTS_DIR}/LMJVerticalScrollText/LMJVerticalScrollText.framework",
				"${BUILT_PRODUCTS_DIR}/MBProgressHUD/MBProgressHUD.framework",
				"${BUILT_PRODUCTS_DIR}/MJExtension/MJExtension.framework",
				"${BUILT_PRODUCTS_DIR}/Masonry/Masonry.framework",
				"${BUILT_PRODUCTS_DIR}/ReactiveObjC/ReactiveObjC.framework",
				"${BUILT_PRODUCTS_DIR}/SDWebImage/SDWebImage.framework",
			);
			name = "[CP] Embed Pods Frameworks";
			outputPaths = (
				"${TARGET_BUILD_DIR}/${FRAMEWORKS_FOLDER_PATH}/AxcDrawPath_Tool.framework",
				"${TARGET_BUILD_DIR}/${FRAMEWORKS_FOLDER_PATH}/CRBoxInputView.framework",
				"${TARGET_BUILD_DIR}/${FRAMEWORKS_FOLDER_PATH}/IQKeyboardManager.framework",
				"${TARGET_BUILD_DIR}/${FRAMEWORKS_FOLDER_PATH}/LMJVerticalScrollText.framework",
				"${TARGET_BUILD_DIR}/${FRAMEWORKS_FOLDER_PATH}/MBProgressHUD.framework",
				"${TARGET_BUILD_DIR}/${FRAMEWORKS_FOLDER_PATH}/MJExtension.framework",
				"${TARGET_BUILD_DIR}/${FRAMEWORKS_FOLDER_PATH}/Masonry.framework",
				"${TARGET_BUILD_DIR}/${FRAMEWORKS_FOLDER_PATH}/ReactiveObjC.framework",
				"${TARGET_BUILD_DIR}/${FRAMEWORKS_FOLDER_PATH}/SDWebImage.framework",
			);
			runOnlyForDeploymentPostprocessing = 0;
			shellPath = /bin/sh;
			shellScript = "\"${SRCROOT}/Pods/Target Support Files/Pods-MyAppDemo/Pods-MyAppDemo-frameworks.sh\"\n";
			showEnvVarsInLog = 0;
		};
/* End PBXShellScriptBuildPhase section */

/* Begin PBXSourcesBuildPhase section */
		200F32C023165E06000C64D3 /* Sources */ = {
			isa = PBXSourcesBuildPhase;
			buildActionMask = 2147483647;
			files = (
				20479E562318D18200AB2E05 /* YABColorChangeView.m in Sources */,
				200F33652317B3DD000C64D3 /* FSCalendarHeaderView.m in Sources */,
				20479E532318D0E500AB2E05 /* YABColorChangeViewController.m in Sources */,
				200F3316231778FD000C64D3 /* ScrollStringViewController.m in Sources */,
				200F32CC23165E06000C64D3 /* ViewController.m in Sources */,
				20479E8C231907C000AB2E05 /* CRBoxInputModel.m in Sources */,
				20479EAD231927FE00AB2E05 /* DrawPathViewController.m in Sources */,
				20479E812319074000AB2E05 /* CRListViewController.m in Sources */,
				20479E652318D2B300AB2E05 /* WJCell.m in Sources */,
				20479E752318FE6900AB2E05 /* DianZanButtonViewController.m in Sources */,
				200F334E2317B323000C64D3 /* RiLiViewController.m in Sources */,
				200F33602317B3DD000C64D3 /* FSCalendarDateModel.m in Sources */,
				20479EAA231927DB00AB2E05 /* MainCollectionViewCell.m in Sources */,
				20479ECD2319290200AB2E05 /* AxcPolarAxis.m in Sources */,
				200F33712317BF52000C64D3 /* GuaGuaLeViewController.m in Sources */,
				20479ECE2319290200AB2E05 /* AxcDrawPath.m in Sources */,
				20479E90231907F900AB2E05 /* CRConstant.m in Sources */,
				20479E5F2318D29B00AB2E05 /* WJColorChange.m in Sources */,
				200F335F2317B3DD000C64D3 /* NSDate+FSCalendar.m in Sources */,
				20479EA7231927DB00AB2E05 /* ListModel.m in Sources */,
				20479E9A23191CA000AB2E05 /* ShengBoViewController.m in Sources */,
				20479ECC2319290200AB2E05 /* AxcCAAnimation.m in Sources */,
				200F33612317B3DD000C64D3 /* FSCalendarView.m in Sources */,
				20479E842319074A00AB2E05 /* CRDetailViewController.m in Sources */,
				20479E702318F66C00AB2E05 /* XBPraiseAnimation.m in Sources */,
				200F33632317B3DD000C64D3 /* FSCalendarScrollView.m in Sources */,
				200F336D2317BF42000C64D3 /* YTScratchyCard.m in Sources */,
				200F32D723165E09000C64D3 /* main.m in Sources */,
				20479ECF2319290200AB2E05 /* AxcCustomDrawPath.m in Sources */,
				20479E9623191C6700AB2E05 /* JHSoundWaveView.m in Sources */,
				200F32FE2316627A000C64D3 /* YiCheTableViewController.m in Sources */,
				20479E882319078600AB2E05 /* CRListVCCell.m in Sources */,
				20479E662318D2B300AB2E05 /* WJFlowLayout.m in Sources */,
				200F32C923165E06000C64D3 /* AppDelegate.m in Sources */,
				200F33022316629C000C64D3 /* YiCheTableViewCell.m in Sources */,
				200F33642317B3DD000C64D3 /* FSCalendarCell.m in Sources */,
				20479EA8231927DB00AB2E05 /* CellDrawView.m in Sources */,
				20479E792318FE8500AB2E05 /* JHLikeButton.m in Sources */,
				200F336E2317BF42000C64D3 /* UIImage(Extension).m in Sources */,
				200F33622317B3DD000C64D3 /* FSCalendarDayModel.m in Sources */,
				20479E6C2318F61500AB2E05 /* DianZanViewController.m in Sources */,
			);
			runOnlyForDeploymentPostprocessing = 0;
		};
		200F32D823165E09000C64D3 /* Sources */ = {
			isa = PBXSourcesBuildPhase;
			buildActionMask = 2147483647;
			files = (
				200F32E123165E09000C64D3 /* MyAppDemoTests.m in Sources */,
			);
			runOnlyForDeploymentPostprocessing = 0;
		};
		200F32E323165E09000C64D3 /* Sources */ = {
			isa = PBXSourcesBuildPhase;
			buildActionMask = 2147483647;
			files = (
				200F32EC23165E09000C64D3 /* MyAppDemoUITests.m in Sources */,
			);
			runOnlyForDeploymentPostprocessing = 0;
		};
/* End PBXSourcesBuildPhase section */

/* Begin PBXTargetDependency section */
		200F32DE23165E09000C64D3 /* PBXTargetDependency */ = {
			isa = PBXTargetDependency;
			target = 200F32C323165E06000C64D3 /* MyAppDemo */;
			targetProxy = 200F32DD23165E09000C64D3 /* PBXContainerItemProxy */;
		};
		200F32E923165E09000C64D3 /* PBXTargetDependency */ = {
			isa = PBXTargetDependency;
			target = 200F32C323165E06000C64D3 /* MyAppDemo */;
			targetProxy = 200F32E823165E09000C64D3 /* PBXContainerItemProxy */;
		};
/* End PBXTargetDependency section */

/* Begin PBXVariantGroup section */
		200F32CD23165E06000C64D3 /* Main.storyboard */ = {
			isa = PBXVariantGroup;
			children = (
				200F32CE23165E06000C64D3 /* Base */,
			);
			name = Main.storyboard;
			sourceTree = "<group>";
		};
		200F32D223165E09000C64D3 /* LaunchScreen.storyboard */ = {
			isa = PBXVariantGroup;
			children = (
				200F32D323165E09000C64D3 /* Base */,
			);
			name = LaunchScreen.storyboard;
			sourceTree = "<group>";
		};
/* End PBXVariantGroup section */

/* Begin XCBuildConfiguration section */
		200F32EE23165E09000C64D3 /* Debug */ = {
			isa = XCBuildConfiguration;
			buildSettings = {
				ALWAYS_SEARCH_USER_PATHS = NO;
				CLANG_ANALYZER_NONNULL = YES;
				CLANG_ANALYZER_NUMBER_OBJECT_CONVERSION = YES_AGGRESSIVE;
				CLANG_CXX_LANGUAGE_STANDARD = "gnu++14";
				CLANG_CXX_LIBRARY = "libc++";
				CLANG_ENABLE_MODULES = YES;
				CLANG_ENABLE_OBJC_ARC = YES;
				CLANG_ENABLE_OBJC_WEAK = YES;
				CLANG_WARN_BLOCK_CAPTURE_AUTORELEASING = YES;
				CLANG_WARN_BOOL_CONVERSION = YES;
				CLANG_WARN_COMMA = YES;
				CLANG_WARN_CONSTANT_CONVERSION = YES;
				CLANG_WARN_DEPRECATED_OBJC_IMPLEMENTATIONS = YES;
				CLANG_WARN_DIRECT_OBJC_ISA_USAGE = YES_ERROR;
				CLANG_WARN_DOCUMENTATION_COMMENTS = YES;
				CLANG_WARN_EMPTY_BODY = YES;
				CLANG_WARN_ENUM_CONVERSION = YES;
				CLANG_WARN_INFINITE_RECURSION = YES;
				CLANG_WARN_INT_CONVERSION = YES;
				CLANG_WARN_NON_LITERAL_NULL_CONVERSION = YES;
				CLANG_WARN_OBJC_IMPLICIT_RETAIN_SELF = YES;
				CLANG_WARN_OBJC_LITERAL_CONVERSION = YES;
				CLANG_WARN_OBJC_ROOT_CLASS = YES_ERROR;
				CLANG_WARN_RANGE_LOOP_ANALYSIS = YES;
				CLANG_WARN_STRICT_PROTOTYPES = YES;
				CLANG_WARN_SUSPICIOUS_MOVE = YES;
				CLANG_WARN_UNGUARDED_AVAILABILITY = YES_AGGRESSIVE;
				CLANG_WARN_UNREACHABLE_CODE = YES;
				CLANG_WARN__DUPLICATE_METHOD_MATCH = YES;
				CODE_SIGN_IDENTITY = "iPhone Developer";
				COPY_PHASE_STRIP = NO;
				DEBUG_INFORMATION_FORMAT = dwarf;
				ENABLE_STRICT_OBJC_MSGSEND = YES;
				ENABLE_TESTABILITY = YES;
				GCC_C_LANGUAGE_STANDARD = gnu11;
				GCC_DYNAMIC_NO_PIC = NO;
				GCC_NO_COMMON_BLOCKS = YES;
				GCC_OPTIMIZATION_LEVEL = 0;
				GCC_PREPROCESSOR_DEFINITIONS = (
					"DEBUG=1",
					"$(inherited)",
				);
				GCC_WARN_64_TO_32_BIT_CONVERSION = YES;
				GCC_WARN_ABOUT_RETURN_TYPE = YES_ERROR;
				GCC_WARN_UNDECLARED_SELECTOR = YES;
				GCC_WARN_UNINITIALIZED_AUTOS = YES_AGGRESSIVE;
				GCC_WARN_UNUSED_FUNCTION = YES;
				GCC_WARN_UNUSED_VARIABLE = YES;
				IPHONEOS_DEPLOYMENT_TARGET = 12.4;
				MTL_ENABLE_DEBUG_INFO = INCLUDE_SOURCE;
				MTL_FAST_MATH = YES;
				ONLY_ACTIVE_ARCH = YES;
				SDKROOT = iphoneos;
			};
			name = Debug;
		};
		200F32EF23165E09000C64D3 /* Release */ = {
			isa = XCBuildConfiguration;
			buildSettings = {
				ALWAYS_SEARCH_USER_PATHS = NO;
				CLANG_ANALYZER_NONNULL = YES;
				CLANG_ANALYZER_NUMBER_OBJECT_CONVERSION = YES_AGGRESSIVE;
				CLANG_CXX_LANGUAGE_STANDARD = "gnu++14";
				CLANG_CXX_LIBRARY = "libc++";
				CLANG_ENABLE_MODULES = YES;
				CLANG_ENABLE_OBJC_ARC = YES;
				CLANG_ENABLE_OBJC_WEAK = YES;
				CLANG_WARN_BLOCK_CAPTURE_AUTORELEASING = YES;
				CLANG_WARN_BOOL_CONVERSION = YES;
				CLANG_WARN_COMMA = YES;
				CLANG_WARN_CONSTANT_CONVERSION = YES;
				CLANG_WARN_DEPRECATED_OBJC_IMPLEMENTATIONS = YES;
				CLANG_WARN_DIRECT_OBJC_ISA_USAGE = YES_ERROR;
				CLANG_WARN_DOCUMENTATION_COMMENTS = YES;
				CLANG_WARN_EMPTY_BODY = YES;
				CLANG_WARN_ENUM_CONVERSION = YES;
				CLANG_WARN_INFINITE_RECURSION = YES;
				CLANG_WARN_INT_CONVERSION = YES;
				CLANG_WARN_NON_LITERAL_NULL_CONVERSION = YES;
				CLANG_WARN_OBJC_IMPLICIT_RETAIN_SELF = YES;
				CLANG_WARN_OBJC_LITERAL_CONVERSION = YES;
				CLANG_WARN_OBJC_ROOT_CLASS = YES_ERROR;
				CLANG_WARN_RANGE_LOOP_ANALYSIS = YES;
				CLANG_WARN_STRICT_PROTOTYPES = YES;
				CLANG_WARN_SUSPICIOUS_MOVE = YES;
				CLANG_WARN_UNGUARDED_AVAILABILITY = YES_AGGRESSIVE;
				CLANG_WARN_UNREACHABLE_CODE = YES;
				CLANG_WARN__DUPLICATE_METHOD_MATCH = YES;
				CODE_SIGN_IDENTITY = "iPhone Developer";
				COPY_PHASE_STRIP = NO;
				DEBUG_INFORMATION_FORMAT = "dwarf-with-dsym";
				ENABLE_NS_ASSERTIONS = NO;
				ENABLE_STRICT_OBJC_MSGSEND = YES;
				GCC_C_LANGUAGE_STANDARD = gnu11;
				GCC_NO_COMMON_BLOCKS = YES;
				GCC_WARN_64_TO_32_BIT_CONVERSION = YES;
				GCC_WARN_ABOUT_RETURN_TYPE = YES_ERROR;
				GCC_WARN_UNDECLARED_SELECTOR = YES;
				GCC_WARN_UNINITIALIZED_AUTOS = YES_AGGRESSIVE;
				GCC_WARN_UNUSED_FUNCTION = YES;
				GCC_WARN_UNUSED_VARIABLE = YES;
				IPHONEOS_DEPLOYMENT_TARGET = 12.4;
				MTL_ENABLE_DEBUG_INFO = NO;
				MTL_FAST_MATH = YES;
				SDKROOT = iphoneos;
				VALIDATE_PRODUCT = YES;
			};
			name = Release;
		};
		200F32F123165E09000C64D3 /* Debug */ = {
			isa = XCBuildConfiguration;
			baseConfigurationReference = 61EA6464C748BE11C9BD1490 /* Pods-MyAppDemo.debug.xcconfig */;
			buildSettings = {
				ASSETCATALOG_COMPILER_APPICON_NAME = AppIcon;
				CODE_SIGN_STYLE = Automatic;
				DEVELOPMENT_TEAM = C9YH4WL4JZ;
				GCC_PRECOMPILE_PREFIX_HEADER = YES;
				GCC_PREFIX_HEADER = "$(SRCROOT)/MyAppDemo/Macro/PrefixHeader.pch";
				INFOPLIST_FILE = MyAppDemo/Info.plist;
				IPHONEOS_DEPLOYMENT_TARGET = 10.0;
				LD_RUNPATH_SEARCH_PATHS = (
					"$(inherited)",
					"@executable_path/Frameworks",
				);
				PRODUCT_BUNDLE_IDENTIFIER = com.midishare.MyAppDemo;
				PRODUCT_NAME = "$(TARGET_NAME)";
				TARGETED_DEVICE_FAMILY = 1;
			};
			name = Debug;
		};
		200F32F223165E09000C64D3 /* Release */ = {
			isa = XCBuildConfiguration;
			baseConfigurationReference = 160FB6B144E2E2FE0CD3D1E6 /* Pods-MyAppDemo.release.xcconfig */;
			buildSettings = {
				ASSETCATALOG_COMPILER_APPICON_NAME = AppIcon;
				CODE_SIGN_STYLE = Automatic;
				DEVELOPMENT_TEAM = C9YH4WL4JZ;
				GCC_PRECOMPILE_PREFIX_HEADER = YES;
				GCC_PREFIX_HEADER = "$(SRCROOT)/MyAppDemo/Macro/PrefixHeader.pch";
				INFOPLIST_FILE = MyAppDemo/Info.plist;
				IPHONEOS_DEPLOYMENT_TARGET = 10.0;
				LD_RUNPATH_SEARCH_PATHS = (
					"$(inherited)",
					"@executable_path/Frameworks",
				);
				PRODUCT_BUNDLE_IDENTIFIER = com.midishare.MyAppDemo;
				PRODUCT_NAME = "$(TARGET_NAME)";
				TARGETED_DEVICE_FAMILY = 1;
			};
			name = Release;
		};
		200F32F423165E09000C64D3 /* Debug */ = {
			isa = XCBuildConfiguration;
			buildSettings = {
				BUNDLE_LOADER = "$(TEST_HOST)";
				CODE_SIGN_STYLE = Automatic;
				DEVELOPMENT_TEAM = C9YH4WL4JZ;
				INFOPLIST_FILE = MyAppDemoTests/Info.plist;
				LD_RUNPATH_SEARCH_PATHS = (
					"$(inherited)",
					"@executable_path/Frameworks",
					"@loader_path/Frameworks",
				);
				PRODUCT_BUNDLE_IDENTIFIER = com.midishare.MyAppDemoTests;
				PRODUCT_NAME = "$(TARGET_NAME)";
				TARGETED_DEVICE_FAMILY = "1,2";
				TEST_HOST = "$(BUILT_PRODUCTS_DIR)/MyAppDemo.app/MyAppDemo";
			};
			name = Debug;
		};
		200F32F523165E09000C64D3 /* Release */ = {
			isa = XCBuildConfiguration;
			buildSettings = {
				BUNDLE_LOADER = "$(TEST_HOST)";
				CODE_SIGN_STYLE = Automatic;
				DEVELOPMENT_TEAM = C9YH4WL4JZ;
				INFOPLIST_FILE = MyAppDemoTests/Info.plist;
				LD_RUNPATH_SEARCH_PATHS = (
					"$(inherited)",
					"@executable_path/Frameworks",
					"@loader_path/Frameworks",
				);
				PRODUCT_BUNDLE_IDENTIFIER = com.midishare.MyAppDemoTests;
				PRODUCT_NAME = "$(TARGET_NAME)";
				TARGETED_DEVICE_FAMILY = "1,2";
				TEST_HOST = "$(BUILT_PRODUCTS_DIR)/MyAppDemo.app/MyAppDemo";
			};
			name = Release;
		};
		200F32F723165E09000C64D3 /* Debug */ = {
			isa = XCBuildConfiguration;
			buildSettings = {
				CODE_SIGN_STYLE = Automatic;
				DEVELOPMENT_TEAM = C9YH4WL4JZ;
				INFOPLIST_FILE = MyAppDemoUITests/Info.plist;
				LD_RUNPATH_SEARCH_PATHS = (
					"$(inherited)",
					"@executable_path/Frameworks",
					"@loader_path/Frameworks",
				);
				PRODUCT_BUNDLE_IDENTIFIER = com.midishare.MyAppDemoUITests;
				PRODUCT_NAME = "$(TARGET_NAME)";
				TARGETED_DEVICE_FAMILY = "1,2";
				TEST_TARGET_NAME = MyAppDemo;
			};
			name = Debug;
		};
		200F32F823165E09000C64D3 /* Release */ = {
			isa = XCBuildConfiguration;
			buildSettings = {
				CODE_SIGN_STYLE = Automatic;
				DEVELOPMENT_TEAM = C9YH4WL4JZ;
				INFOPLIST_FILE = MyAppDemoUITests/Info.plist;
				LD_RUNPATH_SEARCH_PATHS = (
					"$(inherited)",
					"@executable_path/Frameworks",
					"@loader_path/Frameworks",
				);
				PRODUCT_BUNDLE_IDENTIFIER = com.midishare.MyAppDemoUITests;
				PRODUCT_NAME = "$(TARGET_NAME)";
				TARGETED_DEVICE_FAMILY = "1,2";
				TEST_TARGET_NAME = MyAppDemo;
			};
			name = Release;
		};
/* End XCBuildConfiguration section */

/* Begin XCConfigurationList section */
		200F32BF23165E06000C64D3 /* Build configuration list for PBXProject "MyAppDemo" */ = {
			isa = XCConfigurationList;
			buildConfigurations = (
				200F32EE23165E09000C64D3 /* Debug */,
				200F32EF23165E09000C64D3 /* Release */,
			);
			defaultConfigurationIsVisible = 0;
			defaultConfigurationName = Release;
		};
		200F32F023165E09000C64D3 /* Build configuration list for PBXNativeTarget "MyAppDemo" */ = {
			isa = XCConfigurationList;
			buildConfigurations = (
				200F32F123165E09000C64D3 /* Debug */,
				200F32F223165E09000C64D3 /* Release */,
			);
			defaultConfigurationIsVisible = 0;
			defaultConfigurationName = Release;
		};
		200F32F323165E09000C64D3 /* Build configuration list for PBXNativeTarget "MyAppDemoTests" */ = {
			isa = XCConfigurationList;
			buildConfigurations = (
				200F32F423165E09000C64D3 /* Debug */,
				200F32F523165E09000C64D3 /* Release */,
			);
			defaultConfigurationIsVisible = 0;
			defaultConfigurationName = Release;
		};
		200F32F623165E09000C64D3 /* Build configuration list for PBXNativeTarget "MyAppDemoUITests" */ = {
			isa = XCConfigurationList;
			buildConfigurations = (
				200F32F723165E09000C64D3 /* Debug */,
				200F32F823165E09000C64D3 /* Release */,
			);
			defaultConfigurationIsVisible = 0;
			defaultConfigurationName = Release;
		};
/* End XCConfigurationList section */
	};
	rootObject = 200F32BC23165E06000C64D3 /* Project object */;
}
